// !$*UTF8*$!
{
	archiveVersion = 1;
	classes = {
	};
	objectVersion = 46;
	objects = {

/* Begin PBXBuildFile section */
		8724318B1B9F5222005DC857 /* InternetWeatherSource.m in Sources */ = {isa = PBXBuildFile; fileRef = 8724318A1B9F5222005DC857 /* InternetWeatherSource.m */; };
		8724318D1B9F73FC005DC857 /* SystemConfiguration.framework in Frameworks */ = {isa = PBXBuildFile; fileRef = 8724318C1B9F73FC005DC857 /* SystemConfiguration.framework */; };
		872431911B9F7460005DC857 /* Reachability.m in Sources */ = {isa = PBXBuildFile; fileRef = 872431901B9F7460005DC857 /* Reachability.m */; };
		872431951B9F8B5E005DC857 /* UserActualLocation.m in Sources */ = {isa = PBXBuildFile; fileRef = 872431941B9F8B5E005DC857 /* UserActualLocation.m */; };
		872431971B9FCC9C005DC857 /* MainViewController.m in Sources */ = {isa = PBXBuildFile; fileRef = 872431961B9FCC9C005DC857 /* MainViewController.m */; };
		873526EC1B9D18A700198E29 /* LocationWeatherObjetc.m in Sources */ = {isa = PBXBuildFile; fileRef = 873526EB1B9D18A700198E29 /* LocationWeatherObjetc.m */; };
		875423441B8649D800903345 /* iPhoneMain.storyboard in Resources */ = {isa = PBXBuildFile; fileRef = 875423421B8649D800903345 /* iPhoneMain.storyboard */; };
		875423451B8649D800903345 /* iPadMain.storyboard in Resources */ = {isa = PBXBuildFile; fileRef = 875423431B8649D800903345 /* iPadMain.storyboard */; };
		875423481B864C1C00903345 /* LaunchScreen.xib in Resources */ = {isa = PBXBuildFile; fileRef = 875423471B864C1C00903345 /* LaunchScreen.xib */; };
		87586A2C1BB063FD00B98B7E /* JSON_locationsResourceDocs in Resources */ = {isa = PBXBuildFile; fileRef = 87586A2B1BB063FD00B98B7E /* JSON_locationsResourceDocs */; settings = {ASSET_TAGS = (); }; };
		87586A2E1BB091B100B98B7E /* city.list.json in Resources */ = {isa = PBXBuildFile; fileRef = 87586A2D1BB091B100B98B7E /* city.list.json */; settings = {ASSET_TAGS = (); }; };
		8769A1C51B90CCD10050FCC4 /* PageContentViewController.m in Sources */ = {isa = PBXBuildFile; fileRef = 8769A1C41B90CCD10050FCC4 /* PageContentViewController.m */; };
		8769A1C81B90E3CE0050FCC4 /* PresentationViewController.m in Sources */ = {isa = PBXBuildFile; fileRef = 8769A1C71B90E3CE0050FCC4 /* PresentationViewController.m */; };
		8769A1CB1B924F4F0050FCC4 /* SettingsViewController.m in Sources */ = {isa = PBXBuildFile; fileRef = 8769A1CA1B924F4F0050FCC4 /* SettingsViewController.m */; };
		8769A1CE1B926D4A0050FCC4 /* AddLocationViewController.m in Sources */ = {isa = PBXBuildFile; fileRef = 8769A1CD1B926D4A0050FCC4 /* AddLocationViewController.m */; };
		87D8FCD11B9E074F00FD2F5E /* CloudKit.framework in Frameworks */ = {isa = PBXBuildFile; fileRef = 87D8FCD01B9E074F00FD2F5E /* CloudKit.framework */; };
		87F5BC261B7AF67300F1EB07 /* main.m in Sources */ = {isa = PBXBuildFile; fileRef = 87F5BC251B7AF67300F1EB07 /* main.m */; };
		87F5BC291B7AF67300F1EB07 /* AppDelegate.m in Sources */ = {isa = PBXBuildFile; fileRef = 87F5BC281B7AF67300F1EB07 /* AppDelegate.m */; };
		87F5BC311B7AF67300F1EB07 /* Images.xcassets in Resources */ = {isa = PBXBuildFile; fileRef = 87F5BC301B7AF67300F1EB07 /* Images.xcassets */; };
		87F5BC401B7AF67300F1EB07 /* ClimaAppSEASTests.m in Sources */ = {isa = PBXBuildFile; fileRef = 87F5BC3F1B7AF67300F1EB07 /* ClimaAppSEASTests.m */; };
		87F5BC4A1B7AF69000F1EB07 /* CoreLocation.framework in Frameworks */ = {isa = PBXBuildFile; fileRef = 87F5BC491B7AF69000F1EB07 /* CoreLocation.framework */; };
		87F5BC5B1B7B022200F1EB07 /* Localizable.strings in Resources */ = {isa = PBXBuildFile; fileRef = 87F5BC5D1B7B022200F1EB07 /* Localizable.strings */; };
/* End PBXBuildFile section */

/* Begin PBXContainerItemProxy section */
		87F5BC3A1B7AF67300F1EB07 /* PBXContainerItemProxy */ = {
			isa = PBXContainerItemProxy;
			containerPortal = 87F5BC181B7AF67300F1EB07 /* Project object */;
			proxyType = 1;
			remoteGlobalIDString = 87F5BC1F1B7AF67300F1EB07;
			remoteInfo = ClimaAppSEAS;
		};
/* End PBXContainerItemProxy section */

/* Begin PBXFileReference section */
		872431891B9F5222005DC857 /* InternetWeatherSource.h */ = {isa = PBXFileReference; fileEncoding = 4; lastKnownFileType = sourcecode.c.h; path = InternetWeatherSource.h; sourceTree = "<group>"; };
		8724318A1B9F5222005DC857 /* InternetWeatherSource.m */ = {isa = PBXFileReference; fileEncoding = 4; lastKnownFileType = sourcecode.c.objc; path = InternetWeatherSource.m; sourceTree = "<group>"; };
		8724318C1B9F73FC005DC857 /* SystemConfiguration.framework */ = {isa = PBXFileReference; lastKnownFileType = wrapper.framework; name = SystemConfiguration.framework; path = System/Library/Frameworks/SystemConfiguration.framework; sourceTree = SDKROOT; };
		8724318F1B9F7460005DC857 /* Reachability.h */ = {isa = PBXFileReference; fileEncoding = 4; lastKnownFileType = sourcecode.c.h; path = Reachability.h; sourceTree = "<group>"; };
		872431901B9F7460005DC857 /* Reachability.m */ = {isa = PBXFileReference; fileEncoding = 4; lastKnownFileType = sourcecode.c.objc; path = Reachability.m; sourceTree = "<group>"; };
		872431931B9F8B5E005DC857 /* UserActualLocation.h */ = {isa = PBXFileReference; fileEncoding = 4; lastKnownFileType = sourcecode.c.h; path = UserActualLocation.h; sourceTree = "<group>"; };
		872431941B9F8B5E005DC857 /* UserActualLocation.m */ = {isa = PBXFileReference; fileEncoding = 4; lastKnownFileType = sourcecode.c.objc; path = UserActualLocation.m; sourceTree = "<group>"; };
		872431961B9FCC9C005DC857 /* MainViewController.m */ = {isa = PBXFileReference; fileEncoding = 4; lastKnownFileType = sourcecode.c.objc; path = MainViewController.m; sourceTree = "<group>"; };
		873526EA1B9D18A700198E29 /* LocationWeatherObjetc.h */ = {isa = PBXFileReference; fileEncoding = 4; lastKnownFileType = sourcecode.c.h; path = LocationWeatherObjetc.h; sourceTree = "<group>"; };
		873526EB1B9D18A700198E29 /* LocationWeatherObjetc.m */ = {isa = PBXFileReference; fileEncoding = 4; lastKnownFileType = sourcecode.c.objc; path = LocationWeatherObjetc.m; sourceTree = "<group>"; };
		8754233A1B86424F00903345 /* MainViewController.h */ = {isa = PBXFileReference; fileEncoding = 4; lastKnownFileType = sourcecode.c.h; name = MainViewController.h; path = iPhone/MainViewController.h; sourceTree = "<group>"; };
		875423421B8649D800903345 /* iPhoneMain.storyboard */ = {isa = PBXFileReference; fileEncoding = 4; lastKnownFileType = file.storyboard; path = iPhoneMain.storyboard; sourceTree = "<group>"; };
		875423431B8649D800903345 /* iPadMain.storyboard */ = {isa = PBXFileReference; fileEncoding = 4; lastKnownFileType = file.storyboard; path = iPadMain.storyboard; sourceTree = "<group>"; };
		875423471B864C1C00903345 /* LaunchScreen.xib */ = {isa = PBXFileReference; fileEncoding = 4; lastKnownFileType = file.xib; path = LaunchScreen.xib; sourceTree = "<group>"; };
		875423541B86621100903345 /* Info.plist */ = {isa = PBXFileReference; fileEncoding = 4; lastKnownFileType = text.plist.xml; path = Info.plist; sourceTree = "<group>"; };
		87586A2B1BB063FD00B98B7E /* JSON_locationsResourceDocs */ = {isa = PBXFileReference; lastKnownFileType = folder; path = JSON_locationsResourceDocs; sourceTree = "<group>"; };
		87586A2D1BB091B100B98B7E /* city.list.json */ = {isa = PBXFileReference; fileEncoding = 4; lastKnownFileType = text.json; path = city.list.json; sourceTree = "<group>"; };
		8769A1C31B90CCD10050FCC4 /* PageContentViewController.h */ = {isa = PBXFileReference; fileEncoding = 4; lastKnownFileType = sourcecode.c.h; path = PageContentViewController.h; sourceTree = "<group>"; };
		8769A1C41B90CCD10050FCC4 /* PageContentViewController.m */ = {isa = PBXFileReference; fileEncoding = 4; lastKnownFileType = sourcecode.c.objc; path = PageContentViewController.m; sourceTree = "<group>"; };
		8769A1C61B90E3CE0050FCC4 /* PresentationViewController.h */ = {isa = PBXFileReference; fileEncoding = 4; lastKnownFileType = sourcecode.c.h; path = PresentationViewController.h; sourceTree = "<group>"; };
		8769A1C71B90E3CE0050FCC4 /* PresentationViewController.m */ = {isa = PBXFileReference; fileEncoding = 4; lastKnownFileType = sourcecode.c.objc; path = PresentationViewController.m; sourceTree = "<group>"; };
		8769A1C91B924F4F0050FCC4 /* SettingsViewController.h */ = {isa = PBXFileReference; fileEncoding = 4; lastKnownFileType = sourcecode.c.h; path = SettingsViewController.h; sourceTree = "<group>"; };
		8769A1CA1B924F4F0050FCC4 /* SettingsViewController.m */ = {isa = PBXFileReference; fileEncoding = 4; lastKnownFileType = sourcecode.c.objc; path = SettingsViewController.m; sourceTree = "<group>"; };
		8769A1CC1B926D4A0050FCC4 /* AddLocationViewController.h */ = {isa = PBXFileReference; fileEncoding = 4; lastKnownFileType = sourcecode.c.h; path = AddLocationViewController.h; sourceTree = "<group>"; };
		8769A1CD1B926D4A0050FCC4 /* AddLocationViewController.m */ = {isa = PBXFileReference; fileEncoding = 4; lastKnownFileType = sourcecode.c.objc; path = AddLocationViewController.m; sourceTree = "<group>"; };
		87D8FCCF1B9E074C00FD2F5E /* ClimaAppSEAS.entitlements */ = {isa = PBXFileReference; lastKnownFileType = text.xml; path = ClimaAppSEAS.entitlements; sourceTree = "<group>"; };
		87D8FCD01B9E074F00FD2F5E /* CloudKit.framework */ = {isa = PBXFileReference; lastKnownFileType = wrapper.framework; name = CloudKit.framework; path = System/Library/Frameworks/CloudKit.framework; sourceTree = SDKROOT; };
		87F5BC201B7AF67300F1EB07 /* ClimaAppSEAS.app */ = {isa = PBXFileReference; explicitFileType = wrapper.application; includeInIndex = 0; path = ClimaAppSEAS.app; sourceTree = BUILT_PRODUCTS_DIR; };
		87F5BC251B7AF67300F1EB07 /* main.m */ = {isa = PBXFileReference; lastKnownFileType = sourcecode.c.objc; path = main.m; sourceTree = "<group>"; };
		87F5BC271B7AF67300F1EB07 /* AppDelegate.h */ = {isa = PBXFileReference; lastKnownFileType = sourcecode.c.h; path = AppDelegate.h; sourceTree = "<group>"; };
		87F5BC281B7AF67300F1EB07 /* AppDelegate.m */ = {isa = PBXFileReference; lastKnownFileType = sourcecode.c.objc; path = AppDelegate.m; sourceTree = "<group>"; };
		87F5BC301B7AF67300F1EB07 /* Images.xcassets */ = {isa = PBXFileReference; lastKnownFileType = folder.assetcatalog; path = Images.xcassets; sourceTree = "<group>"; };
		87F5BC391B7AF67300F1EB07 /* ClimaAppSEASTests.xctest */ = {isa = PBXFileReference; explicitFileType = wrapper.cfbundle; includeInIndex = 0; path = ClimaAppSEASTests.xctest; sourceTree = BUILT_PRODUCTS_DIR; };
		87F5BC3E1B7AF67300F1EB07 /* Info.plist */ = {isa = PBXFileReference; lastKnownFileType = text.plist.xml; path = Info.plist; sourceTree = "<group>"; };
		87F5BC3F1B7AF67300F1EB07 /* ClimaAppSEASTests.m */ = {isa = PBXFileReference; lastKnownFileType = sourcecode.c.objc; path = ClimaAppSEASTests.m; sourceTree = "<group>"; };
		87F5BC491B7AF69000F1EB07 /* CoreLocation.framework */ = {isa = PBXFileReference; lastKnownFileType = wrapper.framework; name = CoreLocation.framework; path = System/Library/Frameworks/CoreLocation.framework; sourceTree = SDKROOT; };
		87F5BC5C1B7B022200F1EB07 /* Base */ = {isa = PBXFileReference; lastKnownFileType = text.plist.strings; name = Base; path = Base.lproj/Localizable.strings; sourceTree = "<group>"; };
		87F5BC5E1B7B022800F1EB07 /* en */ = {isa = PBXFileReference; lastKnownFileType = text.plist.strings; name = en; path = en.lproj/Localizable.strings; sourceTree = "<group>"; };
		87F5BC5F1B7B022A00F1EB07 /* es */ = {isa = PBXFileReference; lastKnownFileType = text.plist.strings; name = es; path = es.lproj/Localizable.strings; sourceTree = "<group>"; };
/* End PBXFileReference section */

/* Begin PBXFrameworksBuildPhase section */
		87F5BC1D1B7AF67300F1EB07 /* Frameworks */ = {
			isa = PBXFrameworksBuildPhase;
			buildActionMask = 2147483647;
			files = (
				8724318D1B9F73FC005DC857 /* SystemConfiguration.framework in Frameworks */,
				87F5BC4A1B7AF69000F1EB07 /* CoreLocation.framework in Frameworks */,
				87D8FCD11B9E074F00FD2F5E /* CloudKit.framework in Frameworks */,
			);
			runOnlyForDeploymentPostprocessing = 0;
		};
		87F5BC361B7AF67300F1EB07 /* Frameworks */ = {
			isa = PBXFrameworksBuildPhase;
			buildActionMask = 2147483647;
			files = (
			);
			runOnlyForDeploymentPostprocessing = 0;
		};
/* End PBXFrameworksBuildPhase section */

/* Begin PBXGroup section */
		8724318E1B9F7423005DC857 /* CapaDeConexionInternet&Locacion */ = {
			isa = PBXGroup;
			children = (
				8724318F1B9F7460005DC857 /* Reachability.h */,
				872431901B9F7460005DC857 /* Reachability.m */,
				872431931B9F8B5E005DC857 /* UserActualLocation.h */,
				872431941B9F8B5E005DC857 /* UserActualLocation.m */,
			);
			name = "CapaDeConexionInternet&Locacion";
			sourceTree = "<group>";
		};
		873526E91B9D181400198E29 /* CapaDeDatos */ = {
			isa = PBXGroup;
			children = (
				87586A2B1BB063FD00B98B7E /* JSON_locationsResourceDocs */,
				873526EA1B9D18A700198E29 /* LocationWeatherObjetc.h */,
				873526EB1B9D18A700198E29 /* LocationWeatherObjetc.m */,
				872431891B9F5222005DC857 /* InternetWeatherSource.h */,
				8724318A1B9F5222005DC857 /* InternetWeatherSource.m */,
			);
			name = CapaDeDatos;
			sourceTree = "<group>";
		};
		875423361B86392300903345 /* controladores */ = {
			isa = PBXGroup;
			children = (
				872431961B9FCC9C005DC857 /* MainViewController.m */,
				8754233A1B86424F00903345 /* MainViewController.h */,
				8769A1C31B90CCD10050FCC4 /* PageContentViewController.h */,
				8769A1C41B90CCD10050FCC4 /* PageContentViewController.m */,
				8769A1C61B90E3CE0050FCC4 /* PresentationViewController.h */,
				8769A1C71B90E3CE0050FCC4 /* PresentationViewController.m */,
				8769A1C91B924F4F0050FCC4 /* SettingsViewController.h */,
				8769A1CA1B924F4F0050FCC4 /* SettingsViewController.m */,
				8769A1CC1B926D4A0050FCC4 /* AddLocationViewController.h */,
				8769A1CD1B926D4A0050FCC4 /* AddLocationViewController.m */,
			);
			name = controladores;
			sourceTree = "<group>";
		};
		87F5BC171B7AF67300F1EB07 = {
			isa = PBXGroup;
			children = (
				8724318C1B9F73FC005DC857 /* SystemConfiguration.framework */,
				87D8FCD01B9E074F00FD2F5E /* CloudKit.framework */,
				87F5BC491B7AF69000F1EB07 /* CoreLocation.framework */,
				87F5BC221B7AF67300F1EB07 /* ClimaAppSEAS */,
				87F5BC3C1B7AF67300F1EB07 /* ClimaAppSEASTests */,
				87F5BC211B7AF67300F1EB07 /* Products */,
			);
			sourceTree = "<group>";
		};
		87F5BC211B7AF67300F1EB07 /* Products */ = {
			isa = PBXGroup;
			children = (
				87F5BC201B7AF67300F1EB07 /* ClimaAppSEAS.app */,
				87F5BC391B7AF67300F1EB07 /* ClimaAppSEASTests.xctest */,
			);
			name = Products;
			sourceTree = "<group>";
		};
		87F5BC221B7AF67300F1EB07 /* ClimaAppSEAS */ = {
			isa = PBXGroup;
			children = (
				87586A2D1BB091B100B98B7E /* city.list.json */,
				8724318E1B9F7423005DC857 /* CapaDeConexionInternet&Locacion */,
				87D8FCCF1B9E074C00FD2F5E /* ClimaAppSEAS.entitlements */,
				873526E91B9D181400198E29 /* CapaDeDatos */,
				875423471B864C1C00903345 /* LaunchScreen.xib */,
				875423421B8649D800903345 /* iPhoneMain.storyboard */,
				875423431B8649D800903345 /* iPadMain.storyboard */,
				875423361B86392300903345 /* controladores */,
				87F5BC271B7AF67300F1EB07 /* AppDelegate.h */,
				87F5BC281B7AF67300F1EB07 /* AppDelegate.m */,
				87F5BC301B7AF67300F1EB07 /* Images.xcassets */,
				87F5BC231B7AF67300F1EB07 /* Supporting Files */,
			);
			path = ClimaAppSEAS;
			sourceTree = "<group>";
		};
		87F5BC231B7AF67300F1EB07 /* Supporting Files */ = {
			isa = PBXGroup;
			children = (
				875423541B86621100903345 /* Info.plist */,
				87F5BC5D1B7B022200F1EB07 /* Localizable.strings */,
				87F5BC251B7AF67300F1EB07 /* main.m */,
			);
			name = "Supporting Files";
			sourceTree = "<group>";
		};
		87F5BC3C1B7AF67300F1EB07 /* ClimaAppSEASTests */ = {
			isa = PBXGroup;
			children = (
				87F5BC3F1B7AF67300F1EB07 /* ClimaAppSEASTests.m */,
				87F5BC3D1B7AF67300F1EB07 /* Supporting Files */,
			);
			path = ClimaAppSEASTests;
			sourceTree = "<group>";
		};
		87F5BC3D1B7AF67300F1EB07 /* Supporting Files */ = {
			isa = PBXGroup;
			children = (
				87F5BC3E1B7AF67300F1EB07 /* Info.plist */,
			);
			name = "Supporting Files";
			sourceTree = "<group>";
		};
/* End PBXGroup section */

/* Begin PBXNativeTarget section */
		87F5BC1F1B7AF67300F1EB07 /* ClimaAppSEAS */ = {
			isa = PBXNativeTarget;
			buildConfigurationList = 87F5BC431B7AF67300F1EB07 /* Build configuration list for PBXNativeTarget "ClimaAppSEAS" */;
			buildPhases = (
				87F5BC1C1B7AF67300F1EB07 /* Sources */,
				87F5BC1D1B7AF67300F1EB07 /* Frameworks */,
				87F5BC1E1B7AF67300F1EB07 /* Resources */,
			);
			buildRules = (
			);
			dependencies = (
			);
			name = ClimaAppSEAS;
			productName = ClimaAppSEAS;
			productReference = 87F5BC201B7AF67300F1EB07 /* ClimaAppSEAS.app */;
			productType = "com.apple.product-type.application";
		};
		87F5BC381B7AF67300F1EB07 /* ClimaAppSEASTests */ = {
			isa = PBXNativeTarget;
			buildConfigurationList = 87F5BC461B7AF67300F1EB07 /* Build configuration list for PBXNativeTarget "ClimaAppSEASTests" */;
			buildPhases = (
				87F5BC351B7AF67300F1EB07 /* Sources */,
				87F5BC361B7AF67300F1EB07 /* Frameworks */,
				87F5BC371B7AF67300F1EB07 /* Resources */,
			);
			buildRules = (
			);
			dependencies = (
				87F5BC3B1B7AF67300F1EB07 /* PBXTargetDependency */,
			);
			name = ClimaAppSEASTests;
			productName = ClimaAppSEASTests;
			productReference = 87F5BC391B7AF67300F1EB07 /* ClimaAppSEASTests.xctest */;
			productType = "com.apple.product-type.bundle.unit-test";
		};
/* End PBXNativeTarget section */

/* Begin PBXProject section */
		87F5BC181B7AF67300F1EB07 /* Project object */ = {
			isa = PBXProject;
			attributes = {
				LastUpgradeCheck = 0700;
				ORGANIZATIONNAME = "Leonardo Puga De Biase";
				TargetAttributes = {
					87F5BC1F1B7AF67300F1EB07 = {
						CreatedOnToolsVersion = 6.4;
						DevelopmentTeam = XR44564ZNH;
						SystemCapabilities = {
							com.apple.BackgroundModes = {
								enabled = 1;
							};
							com.apple.iCloud = {
								enabled = 1;
							};
						};
					};
					87F5BC381B7AF67300F1EB07 = {
						CreatedOnToolsVersion = 6.4;
						TestTargetID = 87F5BC1F1B7AF67300F1EB07;
					};
				};
			};
			buildConfigurationList = 87F5BC1B1B7AF67300F1EB07 /* Build configuration list for PBXProject "ClimaAppSEAS" */;
			compatibilityVersion = "Xcode 3.2";
			developmentRegion = English;
			hasScannedForEncodings = 0;
			knownRegions = (
				en,
				Base,
				es,
			);
			mainGroup = 87F5BC171B7AF67300F1EB07;
			productRefGroup = 87F5BC211B7AF67300F1EB07 /* Products */;
			projectDirPath = "";
			projectRoot = "";
			targets = (
				87F5BC1F1B7AF67300F1EB07 /* ClimaAppSEAS */,
				87F5BC381B7AF67300F1EB07 /* ClimaAppSEASTests */,
			);
		};
/* End PBXProject section */

/* Begin PBXResourcesBuildPhase section */
		87F5BC1E1B7AF67300F1EB07 /* Resources */ = {
			isa = PBXResourcesBuildPhase;
			buildActionMask = 2147483647;
			files = (
				875423481B864C1C00903345 /* LaunchScreen.xib in Resources */,
				87586A2E1BB091B100B98B7E /* city.list.json in Resources */,
				87586A2C1BB063FD00B98B7E /* JSON_locationsResourceDocs in Resources */,
				875423441B8649D800903345 /* iPhoneMain.storyboard in Resources */,
				87F5BC5B1B7B022200F1EB07 /* Localizable.strings in Resources */,
				875423451B8649D800903345 /* iPadMain.storyboard in Resources */,
				87F5BC311B7AF67300F1EB07 /* Images.xcassets in Resources */,
			);
			runOnlyForDeploymentPostprocessing = 0;
		};
		87F5BC371B7AF67300F1EB07 /* Resources */ = {
			isa = PBXResourcesBuildPhase;
			buildActionMask = 2147483647;
			files = (
			);
			runOnlyForDeploymentPostprocessing = 0;
		};
/* End PBXResourcesBuildPhase section */

/* Begin PBXSourcesBuildPhase section */
		87F5BC1C1B7AF67300F1EB07 /* Sources */ = {
			isa = PBXSourcesBuildPhase;
			buildActionMask = 2147483647;
			files = (
				87F5BC291B7AF67300F1EB07 /* AppDelegate.m in Sources */,
				873526EC1B9D18A700198E29 /* LocationWeatherObjetc.m in Sources */,
				8769A1CB1B924F4F0050FCC4 /* SettingsViewController.m in Sources */,
				872431911B9F7460005DC857 /* Reachability.m in Sources */,
				8724318B1B9F5222005DC857 /* InternetWeatherSource.m in Sources */,
				8769A1C51B90CCD10050FCC4 /* PageContentViewController.m in Sources */,
				87F5BC261B7AF67300F1EB07 /* main.m in Sources */,
				872431971B9FCC9C005DC857 /* MainViewController.m in Sources */,
				8769A1C81B90E3CE0050FCC4 /* PresentationViewController.m in Sources */,
				872431951B9F8B5E005DC857 /* UserActualLocation.m in Sources */,
				8769A1CE1B926D4A0050FCC4 /* AddLocationViewController.m in Sources */,
			);
			runOnlyForDeploymentPostprocessing = 0;
		};
		87F5BC351B7AF67300F1EB07 /* Sources */ = {
			isa = PBXSourcesBuildPhase;
			buildActionMask = 2147483647;
			files = (
				87F5BC401B7AF67300F1EB07 /* ClimaAppSEASTests.m in Sources */,
			);
			runOnlyForDeploymentPostprocessing = 0;
		};
/* End PBXSourcesBuildPhase section */

/* Begin PBXTargetDependency section */
		87F5BC3B1B7AF67300F1EB07 /* PBXTargetDependency */ = {
			isa = PBXTargetDependency;
			target = 87F5BC1F1B7AF67300F1EB07 /* ClimaAppSEAS */;
			targetProxy = 87F5BC3A1B7AF67300F1EB07 /* PBXContainerItemProxy */;
		};
/* End PBXTargetDependency section */

/* Begin PBXVariantGroup section */
		87F5BC5D1B7B022200F1EB07 /* Localizable.strings */ = {
			isa = PBXVariantGroup;
			children = (
				87F5BC5C1B7B022200F1EB07 /* Base */,
				87F5BC5E1B7B022800F1EB07 /* en */,
				87F5BC5F1B7B022A00F1EB07 /* es */,
			);
			name = Localizable.strings;
			sourceTree = "<group>";
		};
/* End PBXVariantGroup section */

/* Begin XCBuildConfiguration section */
		87F5BC411B7AF67300F1EB07 /* Debug */ = {
			isa = XCBuildConfiguration;
			buildSettings = {
				ALWAYS_SEARCH_USER_PATHS = NO;
				CLANG_CXX_LANGUAGE_STANDARD = "gnu++0x";
				CLANG_CXX_LIBRARY = "libc++";
				CLANG_ENABLE_MODULES = YES;
				CLANG_ENABLE_OBJC_ARC = YES;
				CLANG_WARN_BOOL_CONVERSION = YES;
				CLANG_WARN_CONSTANT_CONVERSION = YES;
				CLANG_WARN_DIRECT_OBJC_ISA_USAGE = YES_ERROR;
				CLANG_WARN_EMPTY_BODY = YES;
				CLANG_WARN_ENUM_CONVERSION = YES;
				CLANG_WARN_INT_CONVERSION = YES;
				CLANG_WARN_OBJC_ROOT_CLASS = YES_ERROR;
				CLANG_WARN_UNREACHABLE_CODE = YES;
				CLANG_WARN__DUPLICATE_METHOD_MATCH = YES;
				CODE_SIGN_IDENTITY = "iPhone Developer";
				"CODE_SIGN_IDENTITY[sdk=iphoneos*]" = "iPhone Developer: Leonardo Puga De Biase (C66L4DZX5Y)";
				COPY_PHASE_STRIP = NO;
				DEBUG_INFORMATION_FORMAT = "dwarf-with-dsym";
				ENABLE_STRICT_OBJC_MSGSEND = YES;
				ENABLE_TESTABILITY = YES;
				GCC_C_LANGUAGE_STANDARD = gnu99;
				GCC_DYNAMIC_NO_PIC = NO;
				GCC_NO_COMMON_BLOCKS = YES;
				GCC_OPTIMIZATION_LEVEL = 0;
				GCC_PREPROCESSOR_DEFINITIONS = (
					"DEBUG=1",
					"$(inherited)",
				);
				GCC_SYMBOLS_PRIVATE_EXTERN = NO;
				GCC_WARN_64_TO_32_BIT_CONVERSION = YES;
				GCC_WARN_ABOUT_RETURN_TYPE = YES_ERROR;
				GCC_WARN_UNDECLARED_SELECTOR = YES;
				GCC_WARN_UNINITIALIZED_AUTOS = YES_AGGRESSIVE;
				GCC_WARN_UNUSED_FUNCTION = YES;
				GCC_WARN_UNUSED_VARIABLE = YES;
				IPHONEOS_DEPLOYMENT_TARGET = 8.0;
				MTL_ENABLE_DEBUG_INFO = YES;
				ONLY_ACTIVE_ARCH = YES;
				SDKROOT = iphoneos;
				TARGETED_DEVICE_FAMILY = "1,2";
			};
			name = Debug;
		};
		87F5BC421B7AF67300F1EB07 /* Release */ = {
			isa = XCBuildConfiguration;
			buildSettings = {
				ALWAYS_SEARCH_USER_PATHS = NO;
				CLANG_CXX_LANGUAGE_STANDARD = "gnu++0x";
				CLANG_CXX_LIBRARY = "libc++";
				CLANG_ENABLE_MODULES = YES;
				CLANG_ENABLE_OBJC_ARC = YES;
				CLANG_WARN_BOOL_CONVERSION = YES;
				CLANG_WARN_CONSTANT_CONVERSION = YES;
				CLANG_WARN_DIRECT_OBJC_ISA_USAGE = YES_ERROR;
				CLANG_WARN_EMPTY_BODY = YES;
				CLANG_WARN_ENUM_CONVERSION = YES;
				CLANG_WARN_INT_CONVERSION = YES;
				CLANG_WARN_OBJC_ROOT_CLASS = YES_ERROR;
				CLANG_WARN_UNREACHABLE_CODE = YES;
				CLANG_WARN__DUPLICATE_METHOD_MATCH = YES;
				CODE_SIGN_IDENTITY = "iPhone Developer";
				"CODE_SIGN_IDENTITY[sdk=iphoneos*]" = "iPhone Developer: Leonardo Puga De Biase (C66L4DZX5Y)";
				COPY_PHASE_STRIP = NO;
				DEBUG_INFORMATION_FORMAT = "dwarf-with-dsym";
				ENABLE_NS_ASSERTIONS = NO;
				ENABLE_STRICT_OBJC_MSGSEND = YES;
				GCC_C_LANGUAGE_STANDARD = gnu99;
				GCC_NO_COMMON_BLOCKS = YES;
				GCC_WARN_64_TO_32_BIT_CONVERSION = YES;
				GCC_WARN_ABOUT_RETURN_TYPE = YES_ERROR;
				GCC_WARN_UNDECLARED_SELECTOR = YES;
				GCC_WARN_UNINITIALIZED_AUTOS = YES_AGGRESSIVE;
				GCC_WARN_UNUSED_FUNCTION = YES;
				GCC_WARN_UNUSED_VARIABLE = YES;
				IPHONEOS_DEPLOYMENT_TARGET = 8.0;
				MTL_ENABLE_DEBUG_INFO = NO;
				SDKROOT = iphoneos;
				TARGETED_DEVICE_FAMILY = "1,2";
				VALIDATE_PRODUCT = YES;
			};
			name = Release;
		};
		87F5BC441B7AF67300F1EB07 /* Debug */ = {
			isa = XCBuildConfiguration;
			buildSettings = {
				ASSETCATALOG_COMPILER_APPICON_NAME = AppIcon;
				CODE_SIGN_ENTITLEMENTS = ClimaAppSEAS/ClimaAppSEAS.entitlements;
				CODE_SIGN_IDENTITY = "iPhone Developer";
				"CODE_SIGN_IDENTITY[sdk=iphoneos*]" = "iPhone Developer";
				INFOPLIST_FILE = ClimaAppSEAS/Info.plist;
				IPHONEOS_DEPLOYMENT_TARGET = 8.0;
				LD_RUNPATH_SEARCH_PATHS = "$(inherited) @executable_path/Frameworks";
				PRODUCT_BUNDLE_IDENTIFIER = "com.ljpdb.$(PRODUCT_NAME:rfc1034identifier)";
				PRODUCT_NAME = "$(TARGET_NAME)";
				PROVISIONING_PROFILE = "";
			};
			name = Debug;
		};
		87F5BC451B7AF67300F1EB07 /* Release */ = {
			isa = XCBuildConfiguration;
			buildSettings = {
				ASSETCATALOG_COMPILER_APPICON_NAME = AppIcon;
				CODE_SIGN_ENTITLEMENTS = ClimaAppSEAS/ClimaAppSEAS.entitlements;
				CODE_SIGN_IDENTITY = "iPhone Developer";
				"CODE_SIGN_IDENTITY[sdk=iphoneos*]" = "iPhone Developer";
				INFOPLIST_FILE = ClimaAppSEAS/Info.plist;
				IPHONEOS_DEPLOYMENT_TARGET = 8.0;
				LD_RUNPATH_SEARCH_PATHS = "$(inherited) @executable_path/Frameworks";
				PRODUCT_BUNDLE_IDENTIFIER = "com.ljpdb.$(PRODUCT_NAME:rfc1034identifier)";
				PRODUCT_NAME = "$(TARGET_NAME)";
				PROVISIONING_PROFILE = "";
			};
			name = Release;
		};
		87F5BC471B7AF67300F1EB07 /* Debug */ = {
			isa = XCBuildConfiguration;
			buildSettings = {
				BUNDLE_LOADER = "$(TEST_HOST)";
				FRAMEWORK_SEARCH_PATHS = (
					"$(SDKROOT)/Developer/Library/Frameworks",
					"$(inherited)",
				);
				GCC_PREPROCESSOR_DEFINITIONS = (
					"DEBUG=1",
					"$(inherited)",
				);
				INFOPLIST_FILE = ClimaAppSEASTests/Info.plist;
				LD_RUNPATH_SEARCH_PATHS = "$(inherited) @executable_path/Frameworks @loader_path/Frameworks";
				PRODUCT_BUNDLE_IDENTIFIER = "com.ljpdb.$(PRODUCT_NAME:rfc1034identifier)";
				PRODUCT_NAME = "$(TARGET_NAME)";
				TEST_HOST = "$(BUILT_PRODUCTS_DIR)/ClimaAppSEAS.app/ClimaAppSEAS";
			};
			name = Debug;
		};
		87F5BC481B7AF67300F1EB07 /* Release */ = {
			isa = XCBuildConfiguration;
			buildSettings = {
				BUNDLE_LOADER = "$(TEST_HOST)";
				FRAMEWORK_SEARCH_PATHS = (
					"$(SDKROOT)/Developer/Library/Frameworks",
					"$(inherited)",
				);
				INFOPLIST_FILE = ClimaAppSEASTests/Info.plist;
				LD_RUNPATH_SEARCH_PATHS = "$(inherited) @executable_path/Frameworks @loader_path/Frameworks";
				PRODUCT_BUNDLE_IDENTIFIER = "com.ljpdb.$(PRODUCT_NAME:rfc1034identifier)";
				PRODUCT_NAME = "$(TARGET_NAME)";
				TEST_HOST = "$(BUILT_PRODUCTS_DIR)/ClimaAppSEAS.app/ClimaAppSEAS";
			};
			name = Release;
		};
/* End XCBuildConfiguration section */

/* Begin XCConfigurationList section */
		87F5BC1B1B7AF67300F1EB07 /* Build configuration list for PBXProject "ClimaAppSEAS" */ = {
			isa = XCConfigurationList;
			buildConfigurations = (
				87F5BC411B7AF67300F1EB07 /* Debug */,
				87F5BC421B7AF67300F1EB07 /* Release */,
			);
			defaultConfigurationIsVisible = 0;
			defaultConfigurationName = Release;
		};
		87F5BC431B7AF67300F1EB07 /* Build configuration list for PBXNativeTarget "ClimaAppSEAS" */ = {
			isa = XCConfigurationList;
			buildConfigurations = (
				87F5BC441B7AF67300F1EB07 /* Debug */,
				87F5BC451B7AF67300F1EB07 /* Release */,
			);
			defaultConfigurationIsVisible = 0;
			defaultConfigurationName = Release;
		};
		87F5BC461B7AF67300F1EB07 /* Build configuration list for PBXNativeTarget "ClimaAppSEASTests" */ = {
			isa = XCConfigurationList;
			buildConfigurations = (
				87F5BC471B7AF67300F1EB07 /* Debug */,
				87F5BC481B7AF67300F1EB07 /* Release */,
			);
			defaultConfigurationIsVisible = 0;
			defaultConfigurationName = Release;
		};
/* End XCConfigurationList section */
	};
	rootObject = 87F5BC181B7AF67300F1EB07 /* Project object */;
}
